
Microsoft Visual Studio Solution File, Format Version 12.00
# Visual Studio Version 17
VisualStudioVersion = 17.3.32901.215
MinimumVisualStudioVersion = 10.0.40219.1
Project("{FAE04EC0-301F-11D3-BF4B-00C04F79EFBC}") = "AB.BeerQuest", "AB.BeerQuest.csproj", "{2BECC3F3-52A3-4623-A4A0-25BBAF19FFFF}"
EndProject
Global
	GlobalSection(SolutionConfigurationPlatforms) = preSolution
		Debug|Any CPU = Debug|Any CPU
		Release|Any CPU = Release|Any CPU
	EndGlobalSection
	GlobalSection(ProjectConfigurationPlatforms) = postSolution
		{2BECC3F3-52A3-4623-A4A0-25BBAF19FFFF}.Debug|Any CPU.ActiveCfg = Debug|Any CPU
		{2BECC3F3-52A3-4623-A4A0-25BBAF19FFFF}.Debug|Any CPU.Build.0 = Debug|Any CPU
		{2BECC3F3-52A3-4623-A4A0-25BBAF19FFFF}.Release|Any CPU.ActiveCfg = Release|Any CPU
		{2BECC3F3-52A3-4623-A4A0-25BBAF19FFFF}.Release|Any CPU.Build.0 = Release|Any CPU
	EndGlobalSection
	GlobalSection(SolutionProperties) = preSolution
		HideSolutionNode = FALSE
	EndGlobalSection
	GlobalSection(ExtensibilityGlobals) = postSolution
		SolutionGuid = {3995CEB7-3DBA-4F71-99C1-5DB7095F6B4F}
	EndGlobalSection
EndGlobal
